
Microsoft Visual Studio Solution File, Format Version 12.00
# Visual Studio Version 16
VisualStudioVersion = 16.0.29728.190
MinimumVisualStudioVersion = 10.0.40219.1
Project("{FAE04EC0-301F-11D3-BF4B-00C04F79EFBC}") = "Rhinoceros_Engine", "Rhinoceros_Engine\Rhinoceros_Engine.csproj", "{93CEDC69-F9C0-4E08-9E94-07F120D811DC}"
EndProject
Project("{FAE04EC0-301F-11D3-BF4B-00C04F79EFBC}") = "Rhinoceros_oM", "Rhinoceros_oM\Rhinoceros_oM.csproj", "{5C0492BC-0FF4-45C9-963C-2514ADD35263}"
EndProject
Global
	GlobalSection(SolutionConfigurationPlatforms) = preSolution
		Debug|Any CPU = Debug|Any CPU
		Release|Any CPU = Release|Any CPU
	EndGlobalSection
	GlobalSection(ProjectConfigurationPlatforms) = postSolution
		{93CEDC69-F9C0-4E08-9E94-07F120D811DC}.Debug|Any CPU.ActiveCfg = Debug|Any CPU
		{93CEDC69-F9C0-4E08-9E94-07F120D811DC}.Debug|Any CPU.Build.0 = Debug|Any CPU
		{93CEDC69-F9C0-4E08-9E94-07F120D811DC}.Release|Any CPU.ActiveCfg = Release|Any CPU
		{93CEDC69-F9C0-4E08-9E94-07F120D811DC}.Release|Any CPU.Build.0 = Release|Any CPU
		{5C0492BC-0FF4-45C9-963C-2514ADD35263}.Debug|Any CPU.ActiveCfg = Debug|Any CPU
		{5C0492BC-0FF4-45C9-963C-2514ADD35263}.Debug|Any CPU.Build.0 = Debug|Any CPU
		{5C0492BC-0FF4-45C9-963C-2514ADD35263}.Release|Any CPU.ActiveCfg = Release|Any CPU
		{5C0492BC-0FF4-45C9-963C-2514ADD35263}.Release|Any CPU.Build.0 = Release|Any CPU
	EndGlobalSection
	GlobalSection(SolutionProperties) = preSolution
		HideSolutionNode = FALSE
	EndGlobalSection
	GlobalSection(ExtensibilityGlobals) = postSolution
		SolutionGuid = {5E8C326B-25EE-4785-8A1F-BB1C80E9E8BB}
	EndGlobalSection
EndGlobal
